
Microsoft Visual Studio Solution File, Format Version 12.00
# Visual Studio Version 16
VisualStudioVersion = 16.0.30907.101
MinimumVisualStudioVersion = 10.0.40219.1
Project("{FAE04EC0-301F-11D3-BF4B-00C04F79EFBC}") = "RegionCRUD", "RegionCRUD.csproj", "{3DD02CEB-1A3E-4F25-83B1-3228EF4F2E38}"
EndProject
Global
	GlobalSection(SolutionConfigurationPlatforms) = preSolution
		Debug|Any CPU = Debug|Any CPU
		Release|Any CPU = Release|Any CPU
	EndGlobalSection
	GlobalSection(ProjectConfigurationPlatforms) = postSolution
		{3DD02CEB-1A3E-4F25-83B1-3228EF4F2E38}.Debug|Any CPU.ActiveCfg = Debug|Any CPU
		{3DD02CEB-1A3E-4F25-83B1-3228EF4F2E38}.Debug|Any CPU.Build.0 = Debug|Any CPU
		{3DD02CEB-1A3E-4F25-83B1-3228EF4F2E38}.Release|Any CPU.ActiveCfg = Release|Any CPU
		{3DD02CEB-1A3E-4F25-83B1-3228EF4F2E38}.Release|Any CPU.Build.0 = Release|Any CPU
	EndGlobalSection
	GlobalSection(SolutionProperties) = preSolution
		HideSolutionNode = FALSE
	EndGlobalSection
	GlobalSection(ExtensibilityGlobals) = postSolution
		SolutionGuid = {69AC1188-657A-48FE-A414-F70011A2E715}
	EndGlobalSection
EndGlobal
